
Microsoft Visual Studio Solution File, Format Version 12.00
# Visual Studio Version 17
VisualStudioVersion = 17.0.31903.59
MinimumVisualStudioVersion = 10.0.40219.1
Project("{2150E333-8FDC-42A3-9474-1A3956D46DE8}") = "src", "src", "{9DB2F0FB-3F42-4880-A20A-7D89B49E96FA}"
	ProjectSection(SolutionItems) = preProject
		src\clean.ps1 = src\clean.ps1
	EndProjectSection
EndProject
Project("{2150E333-8FDC-42A3-9474-1A3956D46DE8}") = "Solution Items", "Solution Items", "{85E806B1-0A9F-4AEA-A9E7-DA0966DE3DF8}"
	ProjectSection(SolutionItems) = preProject
		LICENSE = LICENSE
		README.md = README.md
	EndProjectSection
EndProject
Project("{2150E333-8FDC-42A3-9474-1A3956D46DE8}") = "Components", "Components", "{10F75954-31EB-4B04-B636-A37DF67CAC72}"
	ProjectSection(SolutionItems) = preProject
		src\Components\Directory.Build.props = src\Components\Directory.Build.props
	EndProjectSection
EndProject
Project("{9A19103F-16F7-4668-BE54-9A1E7A4F7556}") = "Core", "src\Components\Core\Core.csproj", "{0FFC082B-9614-4F8D-9FC1-E0C24F292F90}"
EndProject
Project("{9A19103F-16F7-4668-BE54-9A1E7A4F7556}") = "Scheduler", "src\Components\Scheduler\Scheduler.csproj", "{4B49E70A-7D15-4DB0-8226-4E87590B406C}"
EndProject
Project("{2150E333-8FDC-42A3-9474-1A3956D46DE8}") = "Tests", "Tests", "{FBA23DAE-87D7-4469-BE0F-F0CDE681E5AC}"
EndProject
Project("{9A19103F-16F7-4668-BE54-9A1E7A4F7556}") = "Scheduler.Tests", "src\Tests\Scheduler.Tests\Scheduler.Tests.csproj", "{1B439440-B805-40B8-A6E0-288592393170}"
EndProject
Project("{2150E333-8FDC-42A3-9474-1A3956D46DE8}") = "Examples", "Examples", "{149CD678-F02D-4F0E-84F5-3AED0AEB0CF0}"
	ProjectSection(SolutionItems) = preProject
		src\Examples\Directory.Build.props = src\Examples\Directory.Build.props
	EndProjectSection
EndProject
Project("{9A19103F-16F7-4668-BE54-9A1E7A4F7556}") = "MinimalProcess", "src\Examples\MinimalProcess\MinimalProcess.csproj", "{0D59C02D-FC8C-44A1-954B-38953E9CBE7A}"
EndProject
Project("{9A19103F-16F7-4668-BE54-9A1E7A4F7556}") = "MinimalScanandRunProcess", "src\Examples\MinimalScanandRunProcess\MinimalScanandRunProcess.csproj", "{7C2DDB77-F850-4120-82AE-81C61767D965}"
EndProject
Global
	GlobalSection(SolutionConfigurationPlatforms) = preSolution
		Debug|Any CPU = Debug|Any CPU
		Debug|x64 = Debug|x64
		Debug|x86 = Debug|x86
		Release|Any CPU = Release|Any CPU
		Release|x64 = Release|x64
		Release|x86 = Release|x86
	EndGlobalSection
	GlobalSection(ProjectConfigurationPlatforms) = postSolution
		{0FFC082B-9614-4F8D-9FC1-E0C24F292F90}.Debug|Any CPU.ActiveCfg = Debug|Any CPU
		{0FFC082B-9614-4F8D-9FC1-E0C24F292F90}.Debug|Any CPU.Build.0 = Debug|Any CPU
		{0FFC082B-9614-4F8D-9FC1-E0C24F292F90}.Debug|x64.ActiveCfg = Debug|Any CPU
		{0FFC082B-9614-4F8D-9FC1-E0C24F292F90}.Debug|x64.Build.0 = Debug|Any CPU
		{0FFC082B-9614-4F8D-9FC1-E0C24F292F90}.Debug|x86.ActiveCfg = Debug|Any CPU
		{0FFC082B-9614-4F8D-9FC1-E0C24F292F90}.Debug|x86.Build.0 = Debug|Any CPU
		{0FFC082B-9614-4F8D-9FC1-E0C24F292F90}.Release|Any CPU.ActiveCfg = Release|Any CPU
		{0FFC082B-9614-4F8D-9FC1-E0C24F292F90}.Release|Any CPU.Build.0 = Release|Any CPU
		{0FFC082B-9614-4F8D-9FC1-E0C24F292F90}.Release|x64.ActiveCfg = Release|Any CPU
		{0FFC082B-9614-4F8D-9FC1-E0C24F292F90}.Release|x64.Build.0 = Release|Any CPU
		{0FFC082B-9614-4F8D-9FC1-E0C24F292F90}.Release|x86.ActiveCfg = Release|Any CPU
		{0FFC082B-9614-4F8D-9FC1-E0C24F292F90}.Release|x86.Build.0 = Release|Any CPU
		{4B49E70A-7D15-4DB0-8226-4E87590B406C}.Debug|Any CPU.ActiveCfg = Debug|Any CPU
		{4B49E70A-7D15-4DB0-8226-4E87590B406C}.Debug|Any CPU.Build.0 = Debug|Any CPU
		{4B49E70A-7D15-4DB0-8226-4E87590B406C}.Debug|x64.ActiveCfg = Debug|Any CPU
		{4B49E70A-7D15-4DB0-8226-4E87590B406C}.Debug|x64.Build.0 = Debug|Any CPU
		{4B49E70A-7D15-4DB0-8226-4E87590B406C}.Debug|x86.ActiveCfg = Debug|Any CPU
		{4B49E70A-7D15-4DB0-8226-4E87590B406C}.Debug|x86.Build.0 = Debug|Any CPU
		{4B49E70A-7D15-4DB0-8226-4E87590B406C}.Release|Any CPU.ActiveCfg = Release|Any CPU
		{4B49E70A-7D15-4DB0-8226-4E87590B406C}.Release|Any CPU.Build.0 = Release|Any CPU
		{4B49E70A-7D15-4DB0-8226-4E87590B406C}.Release|x64.ActiveCfg = Release|Any CPU
		{4B49E70A-7D15-4DB0-8226-4E87590B406C}.Release|x64.Build.0 = Release|Any CPU
		{4B49E70A-7D15-4DB0-8226-4E87590B406C}.Release|x86.ActiveCfg = Release|Any CPU
		{4B49E70A-7D15-4DB0-8226-4E87590B406C}.Release|x86.Build.0 = Release|Any CPU
		{1B439440-B805-40B8-A6E0-288592393170}.Debug|Any CPU.ActiveCfg = Debug|Any CPU
		{1B439440-B805-40B8-A6E0-288592393170}.Debug|Any CPU.Build.0 = Debug|Any CPU
		{1B439440-B805-40B8-A6E0-288592393170}.Debug|x64.ActiveCfg = Debug|Any CPU
		{1B439440-B805-40B8-A6E0-288592393170}.Debug|x64.Build.0 = Debug|Any CPU
		{1B439440-B805-40B8-A6E0-288592393170}.Debug|x86.ActiveCfg = Debug|Any CPU
		{1B439440-B805-40B8-A6E0-288592393170}.Debug|x86.Build.0 = Debug|Any CPU
		{1B439440-B805-40B8-A6E0-288592393170}.Release|Any CPU.ActiveCfg = Release|Any CPU
		{1B439440-B805-40B8-A6E0-288592393170}.Release|Any CPU.Build.0 = Release|Any CPU
		{1B439440-B805-40B8-A6E0-288592393170}.Release|x64.ActiveCfg = Release|Any CPU
		{1B439440-B805-40B8-A6E0-288592393170}.Release|x64.Build.0 = Release|Any CPU
		{1B439440-B805-40B8-A6E0-288592393170}.Release|x86.ActiveCfg = Release|Any CPU
		{1B439440-B805-40B8-A6E0-288592393170}.Release|x86.Build.0 = Release|Any CPU
		{0D59C02D-FC8C-44A1-954B-38953E9CBE7A}.Debug|Any CPU.ActiveCfg = Debug|Any CPU
		{0D59C02D-FC8C-44A1-954B-38953E9CBE7A}.Debug|Any CPU.Build.0 = Debug|Any CPU
		{0D59C02D-FC8C-44A1-954B-38953E9CBE7A}.Debug|x64.ActiveCfg = Debug|Any CPU
		{0D59C02D-FC8C-44A1-954B-38953E9CBE7A}.Debug|x64.Build.0 = Debug|Any CPU
		{0D59C02D-FC8C-44A1-954B-38953E9CBE7A}.Debug|x86.ActiveCfg = Debug|Any CPU
		{0D59C02D-FC8C-44A1-954B-38953E9CBE7A}.Debug|x86.Build.0 = Debug|Any CPU
		{0D59C02D-FC8C-44A1-954B-38953E9CBE7A}.Release|Any CPU.ActiveCfg = Release|Any CPU
		{0D59C02D-FC8C-44A1-954B-38953E9CBE7A}.Release|Any CPU.Build.0 = Release|Any CPU
		{0D59C02D-FC8C-44A1-954B-38953E9CBE7A}.Release|x64.ActiveCfg = Release|Any CPU
		{0D59C02D-FC8C-44A1-954B-38953E9CBE7A}.Release|x64.Build.0 = Release|Any CPU
		{0D59C02D-FC8C-44A1-954B-38953E9CBE7A}.Release|x86.ActiveCfg = Release|Any CPU
		{0D59C02D-FC8C-44A1-954B-38953E9CBE7A}.Release|x86.Build.0 = Release|Any CPU
		{7C2DDB77-F850-4120-82AE-81C61767D965}.Debug|Any CPU.ActiveCfg = Debug|Any CPU
		{7C2DDB77-F850-4120-82AE-81C61767D965}.Debug|Any CPU.Build.0 = Debug|Any CPU
		{7C2DDB77-F850-4120-82AE-81C61767D965}.Debug|x64.ActiveCfg = Debug|Any CPU
		{7C2DDB77-F850-4120-82AE-81C61767D965}.Debug|x64.Build.0 = Debug|Any CPU
		{7C2DDB77-F850-4120-82AE-81C61767D965}.Debug|x86.ActiveCfg = Debug|Any CPU
		{7C2DDB77-F850-4120-82AE-81C61767D965}.Debug|x86.Build.0 = Debug|Any CPU
		{7C2DDB77-F850-4120-82AE-81C61767D965}.Release|Any CPU.ActiveCfg = Release|Any CPU
		{7C2DDB77-F850-4120-82AE-81C61767D965}.Release|Any CPU.Build.0 = Release|Any CPU
		{7C2DDB77-F850-4120-82AE-81C61767D965}.Release|x64.ActiveCfg = Release|Any CPU
		{7C2DDB77-F850-4120-82AE-81C61767D965}.Release|x64.Build.0 = Release|Any CPU
		{7C2DDB77-F850-4120-82AE-81C61767D965}.Release|x86.ActiveCfg = Release|Any CPU
		{7C2DDB77-F850-4120-82AE-81C61767D965}.Release|x86.Build.0 = Release|Any CPU
	EndGlobalSection
	GlobalSection(SolutionProperties) = preSolution
		HideSolutionNode = FALSE
	EndGlobalSection
	GlobalSection(NestedProjects) = preSolution
		{10F75954-31EB-4B04-B636-A37DF67CAC72} = {9DB2F0FB-3F42-4880-A20A-7D89B49E96FA}
		{0FFC082B-9614-4F8D-9FC1-E0C24F292F90} = {10F75954-31EB-4B04-B636-A37DF67CAC72}
		{4B49E70A-7D15-4DB0-8226-4E87590B406C} = {10F75954-31EB-4B04-B636-A37DF67CAC72}
		{FBA23DAE-87D7-4469-BE0F-F0CDE681E5AC} = {9DB2F0FB-3F42-4880-A20A-7D89B49E96FA}
		{1B439440-B805-40B8-A6E0-288592393170} = {FBA23DAE-87D7-4469-BE0F-F0CDE681E5AC}
		{149CD678-F02D-4F0E-84F5-3AED0AEB0CF0} = {9DB2F0FB-3F42-4880-A20A-7D89B49E96FA}
		{0D59C02D-FC8C-44A1-954B-38953E9CBE7A} = {149CD678-F02D-4F0E-84F5-3AED0AEB0CF0}
		{7C2DDB77-F850-4120-82AE-81C61767D965} = {149CD678-F02D-4F0E-84F5-3AED0AEB0CF0}
	EndGlobalSection
	GlobalSection(ExtensibilityGlobals) = postSolution
		SolutionGuid = {703D2CBF-0262-4C93-8B2C-1FFA91199813}
	EndGlobalSection
EndGlobal
